
Microsoft Visual Studio Solution File, Format Version 12.00
# Visual Studio Version 17
VisualStudioVersion = 17.8.34309.116
MinimumVisualStudioVersion = 10.0.40219.1
Project("{9A19103F-16F7-4668-BE54-9A1E7A4F7556}") = "Domain", "Domain\Domain.csproj", "{3DD4E035-92B3-401A-8E13-C3E18036C2C5}"
EndProject
Project("{9A19103F-16F7-4668-BE54-9A1E7A4F7556}") = "Application", "Application\Application.csproj", "{E63EF56B-BFE9-4051-BA97-6F88436DBD16}"
EndProject
Project("{9A19103F-16F7-4668-BE54-9A1E7A4F7556}") = "Infrastructure", "Infrastructure\Infrastructure.csproj", "{913CB4AE-4AD1-4962-987F-2258D47F5AB7}"
EndProject
Project("{9A19103F-16F7-4668-BE54-9A1E7A4F7556}") = "Presentation", "Presentation\Presentation.csproj", "{989669AE-895F-4CFC-AF0C-7A94B4774401}"
EndProject
Project("{9A19103F-16F7-4668-BE54-9A1E7A4F7556}") = "Web.API", "Web.API\Web.API.csproj", "{3FC10668-2CE2-4D38-9B29-D7CFD7222D55}"
EndProject
Project("{FAE04EC0-301F-11D3-BF4B-00C04F79EFBC}") = "Persistence", "Persistence\Persistence.csproj", "{C39359E8-131D-4427-BCCC-ED52E1158DDB}"
EndProject
Global
	GlobalSection(SolutionConfigurationPlatforms) = preSolution
		Debug|Any CPU = Debug|Any CPU
		Release|Any CPU = Release|Any CPU
	EndGlobalSection
	GlobalSection(ProjectConfigurationPlatforms) = postSolution
		{3DD4E035-92B3-401A-8E13-C3E18036C2C5}.Debug|Any CPU.ActiveCfg = Debug|Any CPU
		{3DD4E035-92B3-401A-8E13-C3E18036C2C5}.Debug|Any CPU.Build.0 = Debug|Any CPU
		{3DD4E035-92B3-401A-8E13-C3E18036C2C5}.Release|Any CPU.ActiveCfg = Release|Any CPU
		{3DD4E035-92B3-401A-8E13-C3E18036C2C5}.Release|Any CPU.Build.0 = Release|Any CPU
		{E63EF56B-BFE9-4051-BA97-6F88436DBD16}.Debug|Any CPU.ActiveCfg = Debug|Any CPU
		{E63EF56B-BFE9-4051-BA97-6F88436DBD16}.Debug|Any CPU.Build.0 = Debug|Any CPU
		{E63EF56B-BFE9-4051-BA97-6F88436DBD16}.Release|Any CPU.ActiveCfg = Release|Any CPU
		{E63EF56B-BFE9-4051-BA97-6F88436DBD16}.Release|Any CPU.Build.0 = Release|Any CPU
		{913CB4AE-4AD1-4962-987F-2258D47F5AB7}.Debug|Any CPU.ActiveCfg = Debug|Any CPU
		{913CB4AE-4AD1-4962-987F-2258D47F5AB7}.Debug|Any CPU.Build.0 = Debug|Any CPU
		{913CB4AE-4AD1-4962-987F-2258D47F5AB7}.Release|Any CPU.ActiveCfg = Release|Any CPU
		{913CB4AE-4AD1-4962-987F-2258D47F5AB7}.Release|Any CPU.Build.0 = Release|Any CPU
		{989669AE-895F-4CFC-AF0C-7A94B4774401}.Debug|Any CPU.ActiveCfg = Debug|Any CPU
		{989669AE-895F-4CFC-AF0C-7A94B4774401}.Debug|Any CPU.Build.0 = Debug|Any CPU
		{989669AE-895F-4CFC-AF0C-7A94B4774401}.Release|Any CPU.ActiveCfg = Release|Any CPU
		{989669AE-895F-4CFC-AF0C-7A94B4774401}.Release|Any CPU.Build.0 = Release|Any CPU
		{3FC10668-2CE2-4D38-9B29-D7CFD7222D55}.Debug|Any CPU.ActiveCfg = Debug|Any CPU
		{3FC10668-2CE2-4D38-9B29-D7CFD7222D55}.Debug|Any CPU.Build.0 = Debug|Any CPU
		{3FC10668-2CE2-4D38-9B29-D7CFD7222D55}.Release|Any CPU.ActiveCfg = Release|Any CPU
		{3FC10668-2CE2-4D38-9B29-D7CFD7222D55}.Release|Any CPU.Build.0 = Release|Any CPU
		{C39359E8-131D-4427-BCCC-ED52E1158DDB}.Debug|Any CPU.ActiveCfg = Debug|Any CPU
		{C39359E8-131D-4427-BCCC-ED52E1158DDB}.Debug|Any CPU.Build.0 = Debug|Any CPU
		{C39359E8-131D-4427-BCCC-ED52E1158DDB}.Release|Any CPU.ActiveCfg = Release|Any CPU
		{C39359E8-131D-4427-BCCC-ED52E1158DDB}.Release|Any CPU.Build.0 = Release|Any CPU
	EndGlobalSection
	GlobalSection(SolutionProperties) = preSolution
		HideSolutionNode = FALSE
	EndGlobalSection
	GlobalSection(ExtensibilityGlobals) = postSolution
		SolutionGuid = {DFA643DB-F187-4DD0-B21C-E8489EE2870D}
	EndGlobalSection
EndGlobal
